
Microsoft Visual Studio Solution File, Format Version 12.00
# Visual Studio Version 16
VisualStudioVersion = 16.0.31624.102
MinimumVisualStudioVersion = 10.0.40219.1
Project("{8BC9CEB8-8B4A-11D0-8D11-00A0C91BC942}") = "viobot_demo", "viobot_demo\viobot_demo.vcxproj", "{42275EA0-AD17-4E16-AB4A-D1A03BCF50D3}"
EndProject
Global
	GlobalSection(SolutionConfigurationPlatforms) = preSolution
		debug|x64 = debug|x64
		debug|x86 = debug|x86
		release|x64 = release|x64
		release|x86 = release|x86
	EndGlobalSection
	GlobalSection(ProjectConfigurationPlatforms) = postSolution
		{42275EA0-AD17-4E16-AB4A-D1A03BCF50D3}.debug|x64.ActiveCfg = debug|Win32
		{42275EA0-AD17-4E16-AB4A-D1A03BCF50D3}.debug|x86.ActiveCfg = debug|Win32
		{42275EA0-AD17-4E16-AB4A-D1A03BCF50D3}.debug|x86.Build.0 = debug|Win32
		{42275EA0-AD17-4E16-AB4A-D1A03BCF50D3}.release|x64.ActiveCfg = release|Win32
		{42275EA0-AD17-4E16-AB4A-D1A03BCF50D3}.release|x86.ActiveCfg = release|Win32
		{42275EA0-AD17-4E16-AB4A-D1A03BCF50D3}.release|x86.Build.0 = release|Win32
	EndGlobalSection
	GlobalSection(SolutionProperties) = preSolution
		HideSolutionNode = FALSE
	EndGlobalSection
	GlobalSection(ExtensibilityGlobals) = postSolution
		SolutionGuid = {2EC6AC7F-4A53-442E-AD10-ABC31DDEE4EE}
	EndGlobalSection
EndGlobal
